<?xml version="1.0" encoding="utf-8"?>
<!--
xmake version 2.6.9+dev.43a82d194

  This file is auto generated by xmake.

  Please DO NOT EDIT since all your modification will lost after re-generation.
  See https://github.com/xmake-io/xmake/pull/472 for more infomation.
-->
<Project ToolsVersion="4.0" xmlns="http://schemas.microsoft.com/developer/msbuild/2003">
  <ItemGroup>
    <Filter Include="Properties">
      <UniqueIdentifier>{CC7C6180-942D-056E-3227-E6A2B3FB19CD}</UniqueIdentifier>
    </Filter>
    <Filter Include="hyperdbg">
      <UniqueIdentifier>{D98287FD-7F14-4631-893D-5F6E1BAF5836}</UniqueIdentifier>
    </Filter>
    <Filter Include="hyperdbg\dependencies">
      <UniqueIdentifier>{CB1AD9A4-253F-4854-A6EA-5AA07B1401F8}</UniqueIdentifier>
    </Filter>
    <Filter Include="hyperdbg\dependencies\zydis">
      <UniqueIdentifier>{3D8A39F3-FD91-46AC-BDF1-2FA94FDF502A}</UniqueIdentifier>
    </Filter>
    <Filter Include="hyperdbg\dependencies\zydis\dependencies">
      <UniqueIdentifier>{A79F51D3-90F4-4B1D-A7DC-2FDAEFB67518}</UniqueIdentifier>
    </Filter>
    <Filter Include="hyperdbg\dependencies\zydis\dependencies\zycore">
      <UniqueIdentifier>{4F48A81C-514B-428D-A5D6-7EC47D2386C3}</UniqueIdentifier>
    </Filter>
    <Filter Include="hyperdbg\dependencies\zydis\dependencies\zycore\src">
      <UniqueIdentifier>{5189C032-3AB1-46F9-953E-1BFB52376F38}</UniqueIdentifier>
    </Filter>

  </ItemGroup>
  <ItemGroup>
    <None Include="$(MSBuildProjectDirectory)\Xmake.Custom.props">
      <Filter>Properties</Filter>
    </None>
    <None Include="$(MSBuildProjectDirectory)\Xmake.Custom.targets">
      <Filter>Properties</Filter>
    </None>
    <None Include="$(MSBuildProjectDirectory)\Xmake.Custom.items">
      <Filter>Properties</Filter>
    </None>
    <None Include="$(MSBuildProjectDirectory)\Xmake.Custom.items.filters">
      <Filter>Properties</Filter>
    </None>
    <None Include="$(XmakeScriptDir)\xmake.lua">
      <Filter>Properties</Filter>
    </None>
  </ItemGroup>
  <ItemGroup>


  </ItemGroup>
  <ItemGroup>
    <ClCompile Include="$(XmakeProjectDir)\hyperdbg\dependencies\zydis\dependencies\zycore\src\Allocator.c">
      <Filter>hyperdbg\dependencies\zydis\dependencies\zycore\src</Filter>
    </ClCompile>
    <ClCompile Include="$(XmakeProjectDir)\hyperdbg\dependencies\zydis\dependencies\zycore\src\ArgParse.c">
      <Filter>hyperdbg\dependencies\zydis\dependencies\zycore\src</Filter>
    </ClCompile>
    <ClCompile Include="$(XmakeProjectDir)\hyperdbg\dependencies\zydis\dependencies\zycore\src\Bitset.c">
      <Filter>hyperdbg\dependencies\zydis\dependencies\zycore\src</Filter>
    </ClCompile>
    <ClCompile Include="$(XmakeProjectDir)\hyperdbg\dependencies\zydis\dependencies\zycore\src\Format.c">
      <Filter>hyperdbg\dependencies\zydis\dependencies\zycore\src</Filter>
    </ClCompile>
    <ClCompile Include="$(XmakeProjectDir)\hyperdbg\dependencies\zydis\dependencies\zycore\src\List.c">
      <Filter>hyperdbg\dependencies\zydis\dependencies\zycore\src</Filter>
    </ClCompile>
    <ClCompile Include="$(XmakeProjectDir)\hyperdbg\dependencies\zydis\dependencies\zycore\src\String.c">
      <Filter>hyperdbg\dependencies\zydis\dependencies\zycore\src</Filter>
    </ClCompile>
    <ClCompile Include="$(XmakeProjectDir)\hyperdbg\dependencies\zydis\dependencies\zycore\src\Vector.c">
      <Filter>hyperdbg\dependencies\zydis\dependencies\zycore\src</Filter>
    </ClCompile>
    <ClCompile Include="$(XmakeProjectDir)\hyperdbg\dependencies\zydis\dependencies\zycore\src\Zycore.c">
      <Filter>hyperdbg\dependencies\zydis\dependencies\zycore\src</Filter>
    </ClCompile>




  </ItemGroup>
  <ItemGroup>

  </ItemGroup>
  <ItemGroup>


  </ItemGroup>
  <Import Condition="Exists('$(MSBuildThisFileDirectory)\Xmake.Custom.files.filters')"
    Project="$(MSBuildThisFileDirectory)\Xmake.Custom.files.filters" />
</Project>
