<?xml version="1.0" encoding="utf-8"?>
<!--
xmake version 2.6.9+dev.43a82d194

  This file is auto generated by xmake.

  Please DO NOT EDIT since all your modification will lost after re-generation.
  See https://github.com/xmake-io/xmake/pull/472 for more infomation.
-->
<Project ToolsVersion="4.0" xmlns="http://schemas.microsoft.com/developer/msbuild/2003">
  <ItemGroup>
    <Filter Include="Properties">
      <UniqueIdentifier>{CC7C6180-942D-056E-3227-E6A2B3FB19CD}</UniqueIdentifier>
    </Filter>
    <Filter Include="hyperdbg">
      <UniqueIdentifier>{D98287FD-7F14-4631-893D-5F6E1BAF5836}</UniqueIdentifier>
    </Filter>
    <Filter Include="hyperdbg\symbol-parser">
      <UniqueIdentifier>{EA5F9E5A-B6D7-420F-8FB8-E09212045947}</UniqueIdentifier>
    </Filter>
    <Filter Include="hyperdbg\symbol-parser\code">
      <UniqueIdentifier>{F7D2263A-64F4-41D4-8D58-06803654CCE7}</UniqueIdentifier>
    </Filter>
    <Filter Include="hyperdbg\symbol-parser\header">
      <UniqueIdentifier>{7A60B1D6-5DD0-4B1E-92D2-1C54DFB932DA}</UniqueIdentifier>
    </Filter>

  </ItemGroup>
  <ItemGroup>
    <None Include="$(MSBuildProjectDirectory)\Xmake.Custom.props">
      <Filter>Properties</Filter>
    </None>
    <None Include="$(MSBuildProjectDirectory)\Xmake.Custom.targets">
      <Filter>Properties</Filter>
    </None>
    <None Include="$(MSBuildProjectDirectory)\Xmake.Custom.items">
      <Filter>Properties</Filter>
    </None>
    <None Include="$(MSBuildProjectDirectory)\Xmake.Custom.items.filters">
      <Filter>Properties</Filter>
    </None>
    <None Include="$(XmakeScriptDir)\xmake.lua">
      <Filter>Properties</Filter>
    </None>
  </ItemGroup>
  <ItemGroup>
    <ClInclude Include="$(XmakeProjectDir)\hyperdbg\symbol-parser\header\common-utils.h">
      <Filter>hyperdbg\symbol-parser\header</Filter>
    </ClInclude>
    <ClInclude Include="$(XmakeProjectDir)\hyperdbg\symbol-parser\header\symbol-parser.h">
      <Filter>hyperdbg\symbol-parser\header</Filter>
    </ClInclude>


  </ItemGroup>
  <ItemGroup>

    <ClCompile Include="$(XmakeProjectDir)\hyperdbg\symbol-parser\code\casting.cpp">
      <Filter>hyperdbg\symbol-parser\code</Filter>
    </ClCompile>
    <ClCompile Include="$(XmakeProjectDir)\hyperdbg\symbol-parser\code\common-utils.cpp">
      <Filter>hyperdbg\symbol-parser\code</Filter>
    </ClCompile>
    <ClCompile Include="$(XmakeProjectDir)\hyperdbg\symbol-parser\code\symbol-parser.cpp">
      <Filter>hyperdbg\symbol-parser\code</Filter>
    </ClCompile>



  </ItemGroup>
  <ItemGroup>

  </ItemGroup>
  <ItemGroup>


  </ItemGroup>
  <Import Condition="Exists('$(MSBuildThisFileDirectory)\Xmake.Custom.files.filters')"
    Project="$(MSBuildThisFileDirectory)\Xmake.Custom.files.filters" />
</Project>
