<?xml version="1.0" encoding="utf-8"?>
<!--
xmake version 2.6.9+dev.43a82d194

  This file is auto generated by xmake.

  Please DO NOT EDIT since all your modification will lost after re-generation.
  See https://github.com/xmake-io/xmake/pull/472 for more infomation.
-->
<Project ToolsVersion="4.0" xmlns="http://schemas.microsoft.com/developer/msbuild/2003">
  <ItemGroup>
    <Filter Include="Properties">
      <UniqueIdentifier>{CC7C6180-942D-056E-3227-E6A2B3FB19CD}</UniqueIdentifier>
    </Filter>
    <Filter Include="hyperdbg">
      <UniqueIdentifier>{D98287FD-7F14-4631-893D-5F6E1BAF5836}</UniqueIdentifier>
    </Filter>
    <Filter Include="hyperdbg\hprdbghv">
      <UniqueIdentifier>{97B6AD1C-E0FC-4744-B833-62BC2F628746}</UniqueIdentifier>
    </Filter>
    <Filter Include="hyperdbg\hprdbghv\code">
      <UniqueIdentifier>{AE43F18D-BE5F-4B07-B24C-1B1CB66C276B}</UniqueIdentifier>
    </Filter>
    <Filter Include="hyperdbg\hprdbghv\code\assembly">
      <UniqueIdentifier>{32D14F71-3C19-4FF8-ACA9-363AAAE6E8DB}</UniqueIdentifier>
    </Filter>
    <Filter Include="hyperdbg\hprdbghv\code\common">
      <UniqueIdentifier>{0A390A65-20C6-4E5C-B404-8C57F6E3CA8E}</UniqueIdentifier>
    </Filter>
    <Filter Include="hyperdbg\hprdbghv\code\components">
      <UniqueIdentifier>{8AAF272F-F644-4E4D-8B87-D23018BA826F}</UniqueIdentifier>
    </Filter>
    <Filter Include="hyperdbg\hprdbghv\code\components\registers">
      <UniqueIdentifier>{B7401A1D-D660-4D93-9BE8-9947FFCC9D00}</UniqueIdentifier>
    </Filter>
    <Filter Include="hyperdbg\hprdbghv\code\debugger">
      <UniqueIdentifier>{AD1AB47A-E022-497E-A9A2-CDDFB7D871B7}</UniqueIdentifier>
    </Filter>
    <Filter Include="hyperdbg\hprdbghv\code\debugger\broadcast">
      <UniqueIdentifier>{3EC0CB22-60A2-43A7-A310-8C76D6594FDD}</UniqueIdentifier>
    </Filter>
    <Filter Include="hyperdbg\hprdbghv\code\debugger\commands">
      <UniqueIdentifier>{D517F03A-2341-44EC-9362-BAAAF2776F94}</UniqueIdentifier>
    </Filter>
    <Filter Include="hyperdbg\hprdbghv\code\debugger\communication">
      <UniqueIdentifier>{AF64E0B8-C599-42B3-B56B-F948C12D67B9}</UniqueIdentifier>
    </Filter>
    <Filter Include="hyperdbg\hprdbghv\code\debugger\core">
      <UniqueIdentifier>{6E8E394A-A0D8-4B6F-ABC8-49DBEDD59A68}</UniqueIdentifier>
    </Filter>
    <Filter Include="hyperdbg\hprdbghv\code\debugger\features">
      <UniqueIdentifier>{3F51A92C-5812-443D-A027-8D924E6B7993}</UniqueIdentifier>
    </Filter>
    <Filter Include="hyperdbg\hprdbghv\code\debugger\features\hooks">
      <UniqueIdentifier>{946C1CE1-EEAF-4079-B087-C70188F39424}</UniqueIdentifier>
    </Filter>
    <Filter Include="hyperdbg\hprdbghv\code\debugger\features\hooks\ept-hook">
      <UniqueIdentifier>{EE98AB9C-4E75-4FD5-96ED-9180AE01B470}</UniqueIdentifier>
    </Filter>
    <Filter Include="hyperdbg\hprdbghv\code\debugger\features\hooks\syscall-hook">
      <UniqueIdentifier>{7ABB8C1C-8FA2-4953-AB30-F7CB89268D2B}</UniqueIdentifier>
    </Filter>
    <Filter Include="hyperdbg\hprdbghv\code\debugger\kernel-level">
      <UniqueIdentifier>{66810CF6-2B72-4726-B2AB-40A4BAC1DB5F}</UniqueIdentifier>
    </Filter>
    <Filter Include="hyperdbg\hprdbghv\code\debugger\objects">
      <UniqueIdentifier>{FD3E5E37-73C7-4D53-BF53-00177CCE9CFA}</UniqueIdentifier>
    </Filter>
    <Filter Include="hyperdbg\hprdbghv\code\debugger\script-engine">
      <UniqueIdentifier>{C514778D-FC38-4B94-8C1B-26AC95CC979C}</UniqueIdentifier>
    </Filter>
    <Filter Include="hyperdbg\hprdbghv\code\debugger\tests">
      <UniqueIdentifier>{565CA567-0BAE-49A9-8648-059212952473}</UniqueIdentifier>
    </Filter>
    <Filter Include="hyperdbg\hprdbghv\code\debugger\transparency">
      <UniqueIdentifier>{4B6F1A8D-EB84-499F-A731-AAAA4918CCF9}</UniqueIdentifier>
    </Filter>
    <Filter Include="hyperdbg\hprdbghv\code\debugger\user-level">
      <UniqueIdentifier>{19263F03-DF85-4C90-9DD4-E634BD3E1FEC}</UniqueIdentifier>
    </Filter>
    <Filter Include="hyperdbg\hprdbghv\code\devices">
      <UniqueIdentifier>{70A703AD-6598-4B76-B48D-6AB4BB44E28C}</UniqueIdentifier>
    </Filter>
    <Filter Include="hyperdbg\hprdbghv\code\driver">
      <UniqueIdentifier>{2EDD7DBA-D020-4309-BA1D-A62D764E05D3}</UniqueIdentifier>
    </Filter>
    <Filter Include="hyperdbg\hprdbghv\code\globals">
      <UniqueIdentifier>{38FEE76A-E8EF-405C-A07F-93DAC733DBAC}</UniqueIdentifier>
    </Filter>
    <Filter Include="hyperdbg\hprdbghv\code\memory">
      <UniqueIdentifier>{285D19D9-D75F-437E-969B-E7926CD535B7}</UniqueIdentifier>
    </Filter>
    <Filter Include="hyperdbg\hprdbghv\code\platform">
      <UniqueIdentifier>{DA2667C9-3C84-42A3-B683-9E480B8B0FE0}</UniqueIdentifier>
    </Filter>
    <Filter Include="hyperdbg\hprdbghv\code\vmm">
      <UniqueIdentifier>{03E04D30-4D52-477D-935E-E0FC2D1BF29E}</UniqueIdentifier>
    </Filter>
    <Filter Include="hyperdbg\hprdbghv\code\vmm\ept">
      <UniqueIdentifier>{9EFBFF17-B7E8-4A26-871E-845B635769A7}</UniqueIdentifier>
    </Filter>
    <Filter Include="hyperdbg\hprdbghv\code\vmm\vmx">
      <UniqueIdentifier>{1355BFED-991D-4B38-A115-B82ACFBE2177}</UniqueIdentifier>
    </Filter>
    <Filter Include="hyperdbg\hprdbghv\header">
      <UniqueIdentifier>{CEDD6909-85B4-496B-8628-F11A1E37B51C}</UniqueIdentifier>
    </Filter>
    <Filter Include="hyperdbg\hprdbghv\header\common">
      <UniqueIdentifier>{0C186CD7-97EF-4A87-B832-9503C6FEAAFF}</UniqueIdentifier>
    </Filter>
    <Filter Include="hyperdbg\hprdbghv\header\components">
      <UniqueIdentifier>{B0783C02-59C8-4F9A-B48C-C1B427A80228}</UniqueIdentifier>
    </Filter>
    <Filter Include="hyperdbg\hprdbghv\header\components\registers">
      <UniqueIdentifier>{267D5146-B068-4B3E-84A8-4C4FA7161FFB}</UniqueIdentifier>
    </Filter>
    <Filter Include="hyperdbg\hprdbghv\header\debugger">
      <UniqueIdentifier>{C9158C75-5961-4F9C-A0DA-9775D8E27EED}</UniqueIdentifier>
    </Filter>
    <Filter Include="hyperdbg\hprdbghv\header\debugger\broadcast">
      <UniqueIdentifier>{167147A4-D5BC-41EE-AB7E-B959468B49C7}</UniqueIdentifier>
    </Filter>
    <Filter Include="hyperdbg\hprdbghv\header\debugger\commands">
      <UniqueIdentifier>{87CCDC8E-E096-4C66-9C41-14F9356CD511}</UniqueIdentifier>
    </Filter>
    <Filter Include="hyperdbg\hprdbghv\header\debugger\communication">
      <UniqueIdentifier>{24EDA8ED-AE71-46AD-825F-953D49DABBFC}</UniqueIdentifier>
    </Filter>
    <Filter Include="hyperdbg\hprdbghv\header\debugger\core">
      <UniqueIdentifier>{B7600F18-48E0-451E-8B0F-77DC06F186CB}</UniqueIdentifier>
    </Filter>
    <Filter Include="hyperdbg\hprdbghv\header\debugger\features">
      <UniqueIdentifier>{43FA3291-E43E-4B90-B28F-138765ACA0E4}</UniqueIdentifier>
    </Filter>
    <Filter Include="hyperdbg\hprdbghv\header\debugger\kernel-level">
      <UniqueIdentifier>{A20DF2DC-BD57-40F9-B96B-ED5132FA18F5}</UniqueIdentifier>
    </Filter>
    <Filter Include="hyperdbg\hprdbghv\header\debugger\objects">
      <UniqueIdentifier>{4607E9CA-3CC6-4AFB-8D5D-F8EFE83240BE}</UniqueIdentifier>
    </Filter>
    <Filter Include="hyperdbg\hprdbghv\header\debugger\script-engine">
      <UniqueIdentifier>{DA99B2C4-C6A6-4FE3-AE93-8E22FEE08A38}</UniqueIdentifier>
    </Filter>
    <Filter Include="hyperdbg\hprdbghv\header\debugger\tests">
      <UniqueIdentifier>{8FE43B39-E931-49C4-8DC0-5902FE5B708C}</UniqueIdentifier>
    </Filter>
    <Filter Include="hyperdbg\hprdbghv\header\debugger\transparency">
      <UniqueIdentifier>{5F632947-BDA2-4FE1-BEA6-4D5866F7942C}</UniqueIdentifier>
    </Filter>
    <Filter Include="hyperdbg\hprdbghv\header\debugger\user-level">
      <UniqueIdentifier>{0797D680-641F-425A-AAA9-9C31B631D475}</UniqueIdentifier>
    </Filter>
    <Filter Include="hyperdbg\hprdbghv\header\devices">
      <UniqueIdentifier>{871937A1-1E12-48A7-8630-61E6A9ABC8C2}</UniqueIdentifier>
    </Filter>
    <Filter Include="hyperdbg\hprdbghv\header\globals">
      <UniqueIdentifier>{E4AB4AA7-09F1-4A3F-A6ED-6980FC735B9E}</UniqueIdentifier>
    </Filter>
    <Filter Include="hyperdbg\hprdbghv\header\memory">
      <UniqueIdentifier>{99C12C29-644C-481C-876A-02C6A4D851DD}</UniqueIdentifier>
    </Filter>
    <Filter Include="hyperdbg\hprdbghv\header\misc">
      <UniqueIdentifier>{E22FB672-2EAC-4377-A778-366EFD00B4D0}</UniqueIdentifier>
    </Filter>
    <Filter Include="hyperdbg\hprdbghv\header\platform">
      <UniqueIdentifier>{EB4DC316-4363-4AD5-BDAC-1D4977C3ADCC}</UniqueIdentifier>
    </Filter>
    <Filter Include="hyperdbg\hprdbghv\header\vmm">
      <UniqueIdentifier>{D91B6015-CE9B-4733-B887-D03978E5D840}</UniqueIdentifier>
    </Filter>
    <Filter Include="hyperdbg\hprdbghv\header\vmm\ept">
      <UniqueIdentifier>{0FBA6A7E-FE67-4AC7-B96D-272EE3DFE60A}</UniqueIdentifier>
    </Filter>
    <Filter Include="hyperdbg\hprdbghv\header\vmm\vmx">
      <UniqueIdentifier>{7882EDE3-C437-4C38-AE24-31FECDCA369C}</UniqueIdentifier>
    </Filter>

  </ItemGroup>
  <ItemGroup>
    <None Include="$(MSBuildProjectDirectory)\Xmake.Custom.props">
      <Filter>Properties</Filter>
    </None>
    <None Include="$(MSBuildProjectDirectory)\Xmake.Custom.targets">
      <Filter>Properties</Filter>
    </None>
    <None Include="$(MSBuildProjectDirectory)\Xmake.Custom.items">
      <Filter>Properties</Filter>
    </None>
    <None Include="$(MSBuildProjectDirectory)\Xmake.Custom.items.filters">
      <Filter>Properties</Filter>
    </None>
    <None Include="$(XmakeScriptDir)\xmake.lua">
      <Filter>Properties</Filter>
    </None>
  </ItemGroup>
  <ItemGroup>
    <ClInclude Include="$(XmakeProjectDir)\hyperdbg\hprdbghv\header\common\Common.h">
      <Filter>hyperdbg\hprdbghv\header\common</Filter>
    </ClInclude>
    <ClInclude Include="$(XmakeProjectDir)\hyperdbg\hprdbghv\header\common\Dpc.h">
      <Filter>hyperdbg\hprdbghv\header\common</Filter>
    </ClInclude>
    <ClInclude Include="$(XmakeProjectDir)\hyperdbg\hprdbghv\header\common\LengthDisassemblerEngine.h">
      <Filter>hyperdbg\hprdbghv\header\common</Filter>
    </ClInclude>
    <ClInclude Include="$(XmakeProjectDir)\hyperdbg\hprdbghv\header\common\Logging.h">
      <Filter>hyperdbg\hprdbghv\header\common</Filter>
    </ClInclude>
    <ClInclude Include="$(XmakeProjectDir)\hyperdbg\hprdbghv\header\common\Msr.h">
      <Filter>hyperdbg\hprdbghv\header\common</Filter>
    </ClInclude>
    <ClInclude Include="$(XmakeProjectDir)\hyperdbg\hprdbghv\header\common\Trace.h">
      <Filter>hyperdbg\hprdbghv\header\common</Filter>
    </ClInclude>
    <ClInclude Include="$(XmakeProjectDir)\hyperdbg\hprdbghv\header\components\registers\DebugRegisters.h">
      <Filter>hyperdbg\hprdbghv\header\components\registers</Filter>
    </ClInclude>
    <ClInclude Include="$(XmakeProjectDir)\hyperdbg\hprdbghv\header\debugger\broadcast\Broadcast.h">
      <Filter>hyperdbg\hprdbghv\header\debugger\broadcast</Filter>
    </ClInclude>
    <ClInclude Include="$(XmakeProjectDir)\hyperdbg\hprdbghv\header\debugger\broadcast\DpcRoutines.h">
      <Filter>hyperdbg\hprdbghv\header\debugger\broadcast</Filter>
    </ClInclude>
    <ClInclude Include="$(XmakeProjectDir)\hyperdbg\hprdbghv\header\debugger\commands\BreakpointCommands.h">
      <Filter>hyperdbg\hprdbghv\header\debugger\commands</Filter>
    </ClInclude>
    <ClInclude Include="$(XmakeProjectDir)\hyperdbg\hprdbghv\header\debugger\commands\Callstack.h">
      <Filter>hyperdbg\hprdbghv\header\debugger\commands</Filter>
    </ClInclude>
    <ClInclude Include="$(XmakeProjectDir)\hyperdbg\hprdbghv\header\debugger\commands\DebuggerCommands.h">
      <Filter>hyperdbg\hprdbghv\header\debugger\commands</Filter>
    </ClInclude>
    <ClInclude Include="$(XmakeProjectDir)\hyperdbg\hprdbghv\header\debugger\commands\ExtensionCommands.h">
      <Filter>hyperdbg\hprdbghv\header\debugger\commands</Filter>
    </ClInclude>
    <ClInclude Include="$(XmakeProjectDir)\hyperdbg\hprdbghv\header\debugger\communication\SerialConnection.h">
      <Filter>hyperdbg\hprdbghv\header\debugger\communication</Filter>
    </ClInclude>
    <ClInclude Include="$(XmakeProjectDir)\hyperdbg\hprdbghv\header\debugger\core\Debugger.h">
      <Filter>hyperdbg\hprdbghv\header\debugger\core</Filter>
    </ClInclude>
    <ClInclude Include="$(XmakeProjectDir)\hyperdbg\hprdbghv\header\debugger\core\DebuggerEvents.h">
      <Filter>hyperdbg\hprdbghv\header\debugger\core</Filter>
    </ClInclude>
    <ClInclude Include="$(XmakeProjectDir)\hyperdbg\hprdbghv\header\debugger\core\Termination.h">
      <Filter>hyperdbg\hprdbghv\header\debugger\core</Filter>
    </ClInclude>
    <ClInclude Include="$(XmakeProjectDir)\hyperdbg\hprdbghv\header\debugger\features\Hooks.h">
      <Filter>hyperdbg\hprdbghv\header\debugger\features</Filter>
    </ClInclude>
    <ClInclude Include="$(XmakeProjectDir)\hyperdbg\hprdbghv\header\debugger\kernel-level\Kd.h">
      <Filter>hyperdbg\hprdbghv\header\debugger\kernel-level</Filter>
    </ClInclude>
    <ClInclude Include="$(XmakeProjectDir)\hyperdbg\hprdbghv\header\debugger\objects\Process.h">
      <Filter>hyperdbg\hprdbghv\header\debugger\objects</Filter>
    </ClInclude>
    <ClInclude Include="$(XmakeProjectDir)\hyperdbg\hprdbghv\header\debugger\objects\Thread.h">
      <Filter>hyperdbg\hprdbghv\header\debugger\objects</Filter>
    </ClInclude>
    <ClInclude Include="$(XmakeProjectDir)\hyperdbg\hprdbghv\header\debugger\script-engine\ScriptEngine.h">
      <Filter>hyperdbg\hprdbghv\header\debugger\script-engine</Filter>
    </ClInclude>
    <ClInclude Include="$(XmakeProjectDir)\hyperdbg\hprdbghv\header\debugger\tests\KernelTests.h">
      <Filter>hyperdbg\hprdbghv\header\debugger\tests</Filter>
    </ClInclude>
    <ClInclude Include="$(XmakeProjectDir)\hyperdbg\hprdbghv\header\debugger\transparency\Transparency.h">
      <Filter>hyperdbg\hprdbghv\header\debugger\transparency</Filter>
    </ClInclude>
    <ClInclude Include="$(XmakeProjectDir)\hyperdbg\hprdbghv\header\debugger\user-level\Attaching.h">
      <Filter>hyperdbg\hprdbghv\header\debugger\user-level</Filter>
    </ClInclude>
    <ClInclude Include="$(XmakeProjectDir)\hyperdbg\hprdbghv\header\debugger\user-level\ThreadHolder.h">
      <Filter>hyperdbg\hprdbghv\header\debugger\user-level</Filter>
    </ClInclude>
    <ClInclude Include="$(XmakeProjectDir)\hyperdbg\hprdbghv\header\debugger\user-level\Ud.h">
      <Filter>hyperdbg\hprdbghv\header\debugger\user-level</Filter>
    </ClInclude>
    <ClInclude Include="$(XmakeProjectDir)\hyperdbg\hprdbghv\header\debugger\user-level\UserAccess.h">
      <Filter>hyperdbg\hprdbghv\header\debugger\user-level</Filter>
    </ClInclude>
    <ClInclude Include="$(XmakeProjectDir)\hyperdbg\hprdbghv\header\devices\Apic.h">
      <Filter>hyperdbg\hprdbghv\header\devices</Filter>
    </ClInclude>
    <ClInclude Include="$(XmakeProjectDir)\hyperdbg\hprdbghv\header\globals\GlobalVariableManagement.h">
      <Filter>hyperdbg\hprdbghv\header\globals</Filter>
    </ClInclude>
    <ClInclude Include="$(XmakeProjectDir)\hyperdbg\hprdbghv\header\globals\GlobalVariables.h">
      <Filter>hyperdbg\hprdbghv\header\globals</Filter>
    </ClInclude>
    <ClInclude Include="$(XmakeProjectDir)\hyperdbg\hprdbghv\header\memory\MemoryMapper.h">
      <Filter>hyperdbg\hprdbghv\header\memory</Filter>
    </ClInclude>
    <ClInclude Include="$(XmakeProjectDir)\hyperdbg\hprdbghv\header\memory\PoolManager.h">
      <Filter>hyperdbg\hprdbghv\header\memory</Filter>
    </ClInclude>
    <ClInclude Include="$(XmakeProjectDir)\hyperdbg\hprdbghv\header\misc\InlineAsm.h">
      <Filter>hyperdbg\hprdbghv\header\misc</Filter>
    </ClInclude>
    <ClInclude Include="$(XmakeProjectDir)\hyperdbg\hprdbghv\header\platform\CrossApi.h">
      <Filter>hyperdbg\hprdbghv\header\platform</Filter>
    </ClInclude>
    <ClInclude Include="$(XmakeProjectDir)\hyperdbg\hprdbghv\header\platform\Environment.h">
      <Filter>hyperdbg\hprdbghv\header\platform</Filter>
    </ClInclude>
    <ClInclude Include="$(XmakeProjectDir)\hyperdbg\hprdbghv\header\platform\MetaMacros.h">
      <Filter>hyperdbg\hprdbghv\header\platform</Filter>
    </ClInclude>
    <ClInclude Include="$(XmakeProjectDir)\hyperdbg\hprdbghv\header\vmm\ept\Ept.h">
      <Filter>hyperdbg\hprdbghv\header\vmm\ept</Filter>
    </ClInclude>
    <ClInclude Include="$(XmakeProjectDir)\hyperdbg\hprdbghv\header\vmm\ept\Invept.h">
      <Filter>hyperdbg\hprdbghv\header\vmm\ept</Filter>
    </ClInclude>
    <ClInclude Include="$(XmakeProjectDir)\hyperdbg\hprdbghv\header\vmm\ept\Vpid.h">
      <Filter>hyperdbg\hprdbghv\header\vmm\ept</Filter>
    </ClInclude>
    <ClInclude Include="$(XmakeProjectDir)\hyperdbg\hprdbghv\header\vmm\vmx\Counters.h">
      <Filter>hyperdbg\hprdbghv\header\vmm\vmx</Filter>
    </ClInclude>
    <ClInclude Include="$(XmakeProjectDir)\hyperdbg\hprdbghv\header\vmm\vmx\Events.h">
      <Filter>hyperdbg\hprdbghv\header\vmm\vmx</Filter>
    </ClInclude>
    <ClInclude Include="$(XmakeProjectDir)\hyperdbg\hprdbghv\header\vmm\vmx\Hv.h">
      <Filter>hyperdbg\hprdbghv\header\vmm\vmx</Filter>
    </ClInclude>
    <ClInclude Include="$(XmakeProjectDir)\hyperdbg\hprdbghv\header\vmm\vmx\IdtEmulation.h">
      <Filter>hyperdbg\hprdbghv\header\vmm\vmx</Filter>
    </ClInclude>
    <ClInclude Include="$(XmakeProjectDir)\hyperdbg\hprdbghv\header\vmm\vmx\IoHandler.h">
      <Filter>hyperdbg\hprdbghv\header\vmm\vmx</Filter>
    </ClInclude>
    <ClInclude Include="$(XmakeProjectDir)\hyperdbg\hprdbghv\header\vmm\vmx\ManageRegs.h">
      <Filter>hyperdbg\hprdbghv\header\vmm\vmx</Filter>
    </ClInclude>
    <ClInclude Include="$(XmakeProjectDir)\hyperdbg\hprdbghv\header\vmm\vmx\MsrHandlers.h">
      <Filter>hyperdbg\hprdbghv\header\vmm\vmx</Filter>
    </ClInclude>
    <ClInclude Include="$(XmakeProjectDir)\hyperdbg\hprdbghv\header\vmm\vmx\Mtf.h">
      <Filter>hyperdbg\hprdbghv\header\vmm\vmx</Filter>
    </ClInclude>
    <ClInclude Include="$(XmakeProjectDir)\hyperdbg\hprdbghv\header\vmm\vmx\ProtectedHv.h">
      <Filter>hyperdbg\hprdbghv\header\vmm\vmx</Filter>
    </ClInclude>
    <ClInclude Include="$(XmakeProjectDir)\hyperdbg\hprdbghv\header\vmm\vmx\Vmcall.h">
      <Filter>hyperdbg\hprdbghv\header\vmm\vmx</Filter>
    </ClInclude>
    <ClInclude Include="$(XmakeProjectDir)\hyperdbg\hprdbghv\header\vmm\vmx\Vmx.h">
      <Filter>hyperdbg\hprdbghv\header\vmm\vmx</Filter>
    </ClInclude>
    <ClInclude Include="$(XmakeProjectDir)\hyperdbg\hprdbghv\header\vmm\vmx\VmxBroadcast.h">
      <Filter>hyperdbg\hprdbghv\header\vmm\vmx</Filter>
    </ClInclude>
    <ClInclude Include="$(XmakeProjectDir)\hyperdbg\hprdbghv\header\vmm\vmx\VmxMechanisms.h">
      <Filter>hyperdbg\hprdbghv\header\vmm\vmx</Filter>
    </ClInclude>


  </ItemGroup>
  <ItemGroup>
    <ClCompile Include="$(XmakeProjectDir)\hyperdbg\hprdbghv\code\common\Common.c">
      <Filter>hyperdbg\hprdbghv\code\common</Filter>
    </ClCompile>
    <ClCompile Include="$(XmakeProjectDir)\hyperdbg\hprdbghv\code\common\Logging.c">
      <Filter>hyperdbg\hprdbghv\code\common</Filter>
    </ClCompile>
    <ClCompile Include="$(XmakeProjectDir)\hyperdbg\hprdbghv\code\common\Spinlock.c">
      <Filter>hyperdbg\hprdbghv\code\common</Filter>
    </ClCompile>
    <ClCompile Include="$(XmakeProjectDir)\hyperdbg\hprdbghv\code\components\registers\DebugRegisters.c">
      <Filter>hyperdbg\hprdbghv\code\components\registers</Filter>
    </ClCompile>
    <ClCompile Include="$(XmakeProjectDir)\hyperdbg\hprdbghv\code\debugger\broadcast\Broadcast.c">
      <Filter>hyperdbg\hprdbghv\code\debugger\broadcast</Filter>
    </ClCompile>
    <ClCompile Include="$(XmakeProjectDir)\hyperdbg\hprdbghv\code\debugger\broadcast\DpcRoutines.c">
      <Filter>hyperdbg\hprdbghv\code\debugger\broadcast</Filter>
    </ClCompile>
    <ClCompile Include="$(XmakeProjectDir)\hyperdbg\hprdbghv\code\debugger\commands\BreakpointCommands.c">
      <Filter>hyperdbg\hprdbghv\code\debugger\commands</Filter>
    </ClCompile>
    <ClCompile Include="$(XmakeProjectDir)\hyperdbg\hprdbghv\code\debugger\commands\Callstack.c">
      <Filter>hyperdbg\hprdbghv\code\debugger\commands</Filter>
    </ClCompile>
    <ClCompile Include="$(XmakeProjectDir)\hyperdbg\hprdbghv\code\debugger\commands\DebuggerCommands.c">
      <Filter>hyperdbg\hprdbghv\code\debugger\commands</Filter>
    </ClCompile>
    <ClCompile Include="$(XmakeProjectDir)\hyperdbg\hprdbghv\code\debugger\commands\ExtensionCommands.c">
      <Filter>hyperdbg\hprdbghv\code\debugger\commands</Filter>
    </ClCompile>
    <ClCompile Include="$(XmakeProjectDir)\hyperdbg\hprdbghv\code\debugger\communication\SerialConnection.c">
      <Filter>hyperdbg\hprdbghv\code\debugger\communication</Filter>
    </ClCompile>
    <ClCompile Include="$(XmakeProjectDir)\hyperdbg\hprdbghv\code\debugger\core\Debugger.c">
      <Filter>hyperdbg\hprdbghv\code\debugger\core</Filter>
    </ClCompile>
    <ClCompile Include="$(XmakeProjectDir)\hyperdbg\hprdbghv\code\debugger\core\DebuggerEvents.c">
      <Filter>hyperdbg\hprdbghv\code\debugger\core</Filter>
    </ClCompile>
    <ClCompile Include="$(XmakeProjectDir)\hyperdbg\hprdbghv\code\debugger\core\Termination.c">
      <Filter>hyperdbg\hprdbghv\code\debugger\core</Filter>
    </ClCompile>
    <ClCompile Include="$(XmakeProjectDir)\hyperdbg\hprdbghv\code\debugger\features\hooks\ept-hook\EptHook.c">
      <Filter>hyperdbg\hprdbghv\code\debugger\features\hooks\ept-hook</Filter>
    </ClCompile>
    <ClCompile Include="$(XmakeProjectDir)\hyperdbg\hprdbghv\code\debugger\features\hooks\syscall-hook\EferHook.c">
      <Filter>hyperdbg\hprdbghv\code\debugger\features\hooks\syscall-hook</Filter>
    </ClCompile>
    <ClCompile Include="$(XmakeProjectDir)\hyperdbg\hprdbghv\code\debugger\features\hooks\syscall-hook\SsdtHook.c">
      <Filter>hyperdbg\hprdbghv\code\debugger\features\hooks\syscall-hook</Filter>
    </ClCompile>
    <ClCompile Include="$(XmakeProjectDir)\hyperdbg\hprdbghv\code\debugger\kernel-level\Kd.c">
      <Filter>hyperdbg\hprdbghv\code\debugger\kernel-level</Filter>
    </ClCompile>
    <ClCompile Include="$(XmakeProjectDir)\hyperdbg\hprdbghv\code\debugger\objects\Process.c">
      <Filter>hyperdbg\hprdbghv\code\debugger\objects</Filter>
    </ClCompile>
    <ClCompile Include="$(XmakeProjectDir)\hyperdbg\hprdbghv\code\debugger\objects\Thread.c">
      <Filter>hyperdbg\hprdbghv\code\debugger\objects</Filter>
    </ClCompile>
    <ClCompile Include="$(XmakeProjectDir)\hyperdbg\hprdbghv\code\debugger\script-engine\ScriptEngine.c">
      <Filter>hyperdbg\hprdbghv\code\debugger\script-engine</Filter>
    </ClCompile>
    <ClCompile Include="$(XmakeProjectDir)\hyperdbg\hprdbghv\code\debugger\tests\KernelTests.c">
      <Filter>hyperdbg\hprdbghv\code\debugger\tests</Filter>
    </ClCompile>
    <ClCompile Include="$(XmakeProjectDir)\hyperdbg\hprdbghv\code\debugger\transparency\Transparency.c">
      <Filter>hyperdbg\hprdbghv\code\debugger\transparency</Filter>
    </ClCompile>
    <ClCompile Include="$(XmakeProjectDir)\hyperdbg\hprdbghv\code\debugger\user-level\Attaching.c">
      <Filter>hyperdbg\hprdbghv\code\debugger\user-level</Filter>
    </ClCompile>
    <ClCompile Include="$(XmakeProjectDir)\hyperdbg\hprdbghv\code\debugger\user-level\ThreadHolder.c">
      <Filter>hyperdbg\hprdbghv\code\debugger\user-level</Filter>
    </ClCompile>
    <ClCompile Include="$(XmakeProjectDir)\hyperdbg\hprdbghv\code\debugger\user-level\Ud.c">
      <Filter>hyperdbg\hprdbghv\code\debugger\user-level</Filter>
    </ClCompile>
    <ClCompile Include="$(XmakeProjectDir)\hyperdbg\hprdbghv\code\debugger\user-level\UserAccess.c">
      <Filter>hyperdbg\hprdbghv\code\debugger\user-level</Filter>
    </ClCompile>
    <ClCompile Include="$(XmakeProjectDir)\hyperdbg\hprdbghv\code\devices\Apic.c">
      <Filter>hyperdbg\hprdbghv\code\devices</Filter>
    </ClCompile>
    <ClCompile Include="$(XmakeProjectDir)\hyperdbg\hprdbghv\code\driver\Driver.c">
      <Filter>hyperdbg\hprdbghv\code\driver</Filter>
    </ClCompile>
    <ClCompile Include="$(XmakeProjectDir)\hyperdbg\hprdbghv\code\driver\Ioctl.c">
      <Filter>hyperdbg\hprdbghv\code\driver</Filter>
    </ClCompile>
    <ClCompile Include="$(XmakeProjectDir)\hyperdbg\hprdbghv\code\globals\GlobalVariableManagement.c">
      <Filter>hyperdbg\hprdbghv\code\globals</Filter>
    </ClCompile>
    <ClCompile Include="$(XmakeProjectDir)\hyperdbg\hprdbghv\code\memory\MemoryManager.c">
      <Filter>hyperdbg\hprdbghv\code\memory</Filter>
    </ClCompile>
    <ClCompile Include="$(XmakeProjectDir)\hyperdbg\hprdbghv\code\memory\MemoryMapper.c">
      <Filter>hyperdbg\hprdbghv\code\memory</Filter>
    </ClCompile>
    <ClCompile Include="$(XmakeProjectDir)\hyperdbg\hprdbghv\code\memory\PoolManager.c">
      <Filter>hyperdbg\hprdbghv\code\memory</Filter>
    </ClCompile>
    <ClCompile Include="$(XmakeProjectDir)\hyperdbg\hprdbghv\code\platform\CrossApi.c">
      <Filter>hyperdbg\hprdbghv\code\platform</Filter>
    </ClCompile>
    <ClCompile Include="$(XmakeProjectDir)\hyperdbg\hprdbghv\code\vmm\ept\Ept.c">
      <Filter>hyperdbg\hprdbghv\code\vmm\ept</Filter>
    </ClCompile>
    <ClCompile Include="$(XmakeProjectDir)\hyperdbg\hprdbghv\code\vmm\ept\Invept.c">
      <Filter>hyperdbg\hprdbghv\code\vmm\ept</Filter>
    </ClCompile>
    <ClCompile Include="$(XmakeProjectDir)\hyperdbg\hprdbghv\code\vmm\ept\Vpid.c">
      <Filter>hyperdbg\hprdbghv\code\vmm\ept</Filter>
    </ClCompile>
    <ClCompile Include="$(XmakeProjectDir)\hyperdbg\hprdbghv\code\vmm\vmx\Counters.c">
      <Filter>hyperdbg\hprdbghv\code\vmm\vmx</Filter>
    </ClCompile>
    <ClCompile Include="$(XmakeProjectDir)\hyperdbg\hprdbghv\code\vmm\vmx\CrossVmexits.c">
      <Filter>hyperdbg\hprdbghv\code\vmm\vmx</Filter>
    </ClCompile>
    <ClCompile Include="$(XmakeProjectDir)\hyperdbg\hprdbghv\code\vmm\vmx\Events.c">
      <Filter>hyperdbg\hprdbghv\code\vmm\vmx</Filter>
    </ClCompile>
    <ClCompile Include="$(XmakeProjectDir)\hyperdbg\hprdbghv\code\vmm\vmx\Hv.c">
      <Filter>hyperdbg\hprdbghv\code\vmm\vmx</Filter>
    </ClCompile>
    <ClCompile Include="$(XmakeProjectDir)\hyperdbg\hprdbghv\code\vmm\vmx\IdtEmulation.c">
      <Filter>hyperdbg\hprdbghv\code\vmm\vmx</Filter>
    </ClCompile>
    <ClCompile Include="$(XmakeProjectDir)\hyperdbg\hprdbghv\code\vmm\vmx\IoHandler.c">
      <Filter>hyperdbg\hprdbghv\code\vmm\vmx</Filter>
    </ClCompile>
    <ClCompile Include="$(XmakeProjectDir)\hyperdbg\hprdbghv\code\vmm\vmx\ManageRegs.c">
      <Filter>hyperdbg\hprdbghv\code\vmm\vmx</Filter>
    </ClCompile>
    <ClCompile Include="$(XmakeProjectDir)\hyperdbg\hprdbghv\code\vmm\vmx\MsrHandlers.c">
      <Filter>hyperdbg\hprdbghv\code\vmm\vmx</Filter>
    </ClCompile>
    <ClCompile Include="$(XmakeProjectDir)\hyperdbg\hprdbghv\code\vmm\vmx\Mtf.c">
      <Filter>hyperdbg\hprdbghv\code\vmm\vmx</Filter>
    </ClCompile>
    <ClCompile Include="$(XmakeProjectDir)\hyperdbg\hprdbghv\code\vmm\vmx\ProtectedHv.c">
      <Filter>hyperdbg\hprdbghv\code\vmm\vmx</Filter>
    </ClCompile>
    <ClCompile Include="$(XmakeProjectDir)\hyperdbg\hprdbghv\code\vmm\vmx\Vmcall.c">
      <Filter>hyperdbg\hprdbghv\code\vmm\vmx</Filter>
    </ClCompile>
    <ClCompile Include="$(XmakeProjectDir)\hyperdbg\hprdbghv\code\vmm\vmx\Vmexit.c">
      <Filter>hyperdbg\hprdbghv\code\vmm\vmx</Filter>
    </ClCompile>
    <ClCompile Include="$(XmakeProjectDir)\hyperdbg\hprdbghv\code\vmm\vmx\Vmx.c">
      <Filter>hyperdbg\hprdbghv\code\vmm\vmx</Filter>
    </ClCompile>
    <ClCompile Include="$(XmakeProjectDir)\hyperdbg\hprdbghv\code\vmm\vmx\VmxBroadcast.c">
      <Filter>hyperdbg\hprdbghv\code\vmm\vmx</Filter>
    </ClCompile>
    <ClCompile Include="$(XmakeProjectDir)\hyperdbg\hprdbghv\code\vmm\vmx\VmxMechanisms.c">
      <Filter>hyperdbg\hprdbghv\code\vmm\vmx</Filter>
    </ClCompile>
    <ClCompile Include="$(XmakeProjectDir)\hyperdbg\hprdbghv\code\vmm\vmx\VmxRegions.c">
      <Filter>hyperdbg\hprdbghv\code\vmm\vmx</Filter>
    </ClCompile>




  </ItemGroup>
  <ItemGroup>

  </ItemGroup>
  <ItemGroup>


  </ItemGroup>
  <Import Condition="Exists('$(MSBuildThisFileDirectory)\Xmake.Custom.files.filters')"
    Project="$(MSBuildThisFileDirectory)\Xmake.Custom.files.filters" />
</Project>
