Microsoft Visual Studio Solution File, Format Version 12.00
# Visual Studio Version 17.0
#
# xmake version 2.6.8+dev.7d245d6fd
#
#   This file is auto generated by xmake.
#
#   Please DO NOT EDIT since all your modification will lost after re-generation.
#   See https://github.com/xmake-io/xmake/pull/472 for more infomation.
#
VisualStudioVersion = 17.0
MinimumVisualStudioVersion = 10.0.40219.1
Project("{8BC9CEB8-8B4A-11D0-8D11-00A0C91BC942}") = "HyperDbgDev", "HyperDbgDev\HyperDbgDev.vcxproj", "{F94DDFE0-EC2B-4F04-87D7-8AFE393F234A}"
EndProject

Project("{2150E333-8FDC-42A3-9474-1A3956D46DE8}") = "HyperDbgDev", "HyperDbgDev", "{8A0D671B-6C1B-44BA-A0FC-40347E9425AD}"
EndProject

Project("{2150E333-8FDC-42A3-9474-1A3956D46DE8}") = "Properties", "Properties", "{007754BD-BB1F-452F-A0D8-13EF216C5ED9}"
	ProjectSection(SolutionItems) = preProject
		Xmake.Custom.props = Xmake.Custom.props
		Xmake.Custom.targets = Xmake.Custom.targets
		..\xmake.lua = ..\xmake.lua
	EndProjectSection
EndProject
Global
	GlobalSection(SolutionConfigurationPlatforms) = preSolution
		debug|x86 = debug|x86
		release|x86 = release|x86
		debug|x64 = debug|x64
		release|x64 = release|x64
	EndGlobalSection
	GlobalSection(ProjectConfigurationPlatforms) = postSolution
		{F94DDFE0-EC2B-4F04-87D7-8AFE393F234A}.debug|x86.ActiveCfg = debug|Win32
		{F94DDFE0-EC2B-4F04-87D7-8AFE393F234A}.debug|x86.Build.0 = debug|Win32
		{F94DDFE0-EC2B-4F04-87D7-8AFE393F234A}.release|x86.ActiveCfg = release|Win32
		{F94DDFE0-EC2B-4F04-87D7-8AFE393F234A}.release|x86.Build.0 = release|Win32
		{F94DDFE0-EC2B-4F04-87D7-8AFE393F234A}.debug|x64.ActiveCfg = debug|x64
		{F94DDFE0-EC2B-4F04-87D7-8AFE393F234A}.debug|x64.Build.0 = debug|x64
		{F94DDFE0-EC2B-4F04-87D7-8AFE393F234A}.release|x64.ActiveCfg = release|x64
		{F94DDFE0-EC2B-4F04-87D7-8AFE393F234A}.release|x64.Build.0 = release|x64
	EndGlobalSection
	GlobalSection(SolutionProperties) = preSolution
		HideSolutionNode = FALSE
	EndGlobalSection
	GlobalSection(NestedProjects) = preSolution
		{F94DDFE0-EC2B-4F04-87D7-8AFE393F234A} = {8A0D671B-6C1B-44BA-A0FC-40347E9425AD}
	EndGlobalSection
	GlobalSection(ExtensibilityGlobals) = postSolution
		SolutionGuid = {201E6095-CDD1-4BBF-ADEB-0FEA2C92F731}
	EndGlobalSection
EndGlobal
