<?xml version="1.0" encoding="UTF-8" standalone="yes" ?>
<CodeBlocks_project_file>
	<FileVersion major="1" minor="6" />
	<Project>
		<Option title="x64_dbg_testplugin" />
		<Option pch_mode="2" />
		<Option compiler="gcc" />
		<Build>
			<Target title="x32">
				<Option output="bin/x32/testplugin" prefix_auto="1" extension_auto="1" />
				<Option object_output="obj/x32" />
				<Option type="3" />
				<Option compiler="gcc" />
				<Compiler>
					<Add option="-O2" />
					<Add option="-Wall" />
					<Add option="-DBUILD_DLL" />
				</Compiler>
				<Linker>
					<Add option="-s" />
					<Add library=".\pluginsdk\libx32_dbg.a" />
					<Add library=".\pluginsdk\libx32_bridge.a" />
					<Add library=".\pluginsdk\TitanEngine\TitanEngine_x86.a" />
					<Add library=".\pluginsdk\dbghelp\dbghelp_x86.a" />
				</Linker>
			</Target>
			<Target title="x64">
				<Option output="bin/x64/testplugin" prefix_auto="1" extension_auto="1" />
				<Option object_output="obj/x64" />
				<Option type="3" />
				<Option compiler="gnu_gcc_compiler_x64" />
				<Compiler>
					<Add option="-O2" />
					<Add option="-Wall" />
					<Add option="-DBUILD_DLL" />
				</Compiler>
				<Linker>
					<Add option="-s" />
					<Add library=".\pluginsdk\libx64_dbg.a" />
					<Add library=".\pluginsdk\libx64_bridge.a" />
					<Add library=".\pluginsdk\TitanEngine\TitanEngine_x64.a" />
					<Add library=".\pluginsdk\dbghelp\dbghelp_x64.a" />
				</Linker>
			</Target>
		</Build>
		<Linker>
			<Add library="msvcrt" />
			<Add library="user32" />
			<Add library="comdlg32" />
			<Add library="psapi" />
		</Linker>
		<Unit filename="pluginmain.cpp" />
		<Unit filename="pluginmain.h" />
		<Unit filename="pluginsdk/TitanEngine/TitanEngine.h" />
		<Unit filename="pluginsdk/_plugin_types.h" />
		<Unit filename="pluginsdk/_plugins.h" />
		<Unit filename="pluginsdk/bridgemain.h" />
		<Unit filename="pluginsdk/dbghelp/dbghelp.h" />
		<Unit filename="test.cpp" />
		<Unit filename="test.h" />
		<Extensions>
			<code_completion />
			<envvars />
			<debugger />
			<lib_finder disable_auto="1" />
		</Extensions>
	</Project>
</CodeBlocks_project_file>
