<?xml version="1.0" encoding="utf-8"?>
<!--
xmake version 2.6.9+dev.43a82d194

  This file is auto generated by xmake.

  Please DO NOT EDIT since all your modification will lost after re-generation.
  See https://github.com/xmake-io/xmake/pull/472 for more infomation.
-->
<Project ToolsVersion="4.0" xmlns="http://schemas.microsoft.com/developer/msbuild/2003">
  <ItemGroup>
    <Filter Include="Properties">
      <UniqueIdentifier>{CC7C6180-942D-056E-3227-E6A2B3FB19CD}</UniqueIdentifier>
    </Filter>
    <Filter Include="hyperdbg">
      <UniqueIdentifier>{D98287FD-7F14-4631-893D-5F6E1BAF5836}</UniqueIdentifier>
    </Filter>
    <Filter Include="hyperdbg\dependencies">
      <UniqueIdentifier>{CB1AD9A4-253F-4854-A6EA-5AA07B1401F8}</UniqueIdentifier>
    </Filter>
    <Filter Include="hyperdbg\dependencies\zydis">
      <UniqueIdentifier>{3D8A39F3-FD91-46AC-BDF1-2FA94FDF502A}</UniqueIdentifier>
    </Filter>
    <Filter Include="hyperdbg\dependencies\zydis\include">
      <UniqueIdentifier>{3247F939-E141-4470-AA18-3BEFCF45C543}</UniqueIdentifier>
    </Filter>
    <Filter Include="hyperdbg\dependencies\zydis\include\Zydis">
      <UniqueIdentifier>{C68F598B-904B-48BF-866A-BB0C37D0733A}</UniqueIdentifier>
    </Filter>
    <Filter Include="hyperdbg\dependencies\zydis\include\Zydis\Generated">
      <UniqueIdentifier>{575CF375-0792-4E41-BE4F-5C99E8213481}</UniqueIdentifier>
    </Filter>
    <Filter Include="hyperdbg\dependencies\zydis\include\Zydis\Internal">
      <UniqueIdentifier>{D405828B-AD84-4D6D-8A6D-F67E22E14354}</UniqueIdentifier>
    </Filter>
    <Filter Include="hyperdbg\dependencies\zydis\src">
      <UniqueIdentifier>{CF0DC99D-AA25-4665-ADC2-572641CC382A}</UniqueIdentifier>
    </Filter>

  </ItemGroup>
  <ItemGroup>
    <None Include="$(MSBuildProjectDirectory)\Xmake.Custom.props">
      <Filter>Properties</Filter>
    </None>
    <None Include="$(MSBuildProjectDirectory)\Xmake.Custom.targets">
      <Filter>Properties</Filter>
    </None>
    <None Include="$(MSBuildProjectDirectory)\Xmake.Custom.items">
      <Filter>Properties</Filter>
    </None>
    <None Include="$(MSBuildProjectDirectory)\Xmake.Custom.items.filters">
      <Filter>Properties</Filter>
    </None>
    <None Include="$(XmakeScriptDir)\xmake.lua">
      <Filter>Properties</Filter>
    </None>
  </ItemGroup>
  <ItemGroup>
    <ClInclude Include="$(XmakeProjectDir)\hyperdbg\dependencies\zydis\include\Zydis\Decoder.h">
      <Filter>hyperdbg\dependencies\zydis\include\Zydis</Filter>
    </ClInclude>
    <ClInclude Include="$(XmakeProjectDir)\hyperdbg\dependencies\zydis\include\Zydis\DecoderTypes.h">
      <Filter>hyperdbg\dependencies\zydis\include\Zydis</Filter>
    </ClInclude>
    <ClInclude Include="$(XmakeProjectDir)\hyperdbg\dependencies\zydis\include\Zydis\Formatter.h">
      <Filter>hyperdbg\dependencies\zydis\include\Zydis</Filter>
    </ClInclude>
    <ClInclude Include="$(XmakeProjectDir)\hyperdbg\dependencies\zydis\include\Zydis\FormatterBuffer.h">
      <Filter>hyperdbg\dependencies\zydis\include\Zydis</Filter>
    </ClInclude>
    <ClInclude Include="$(XmakeProjectDir)\hyperdbg\dependencies\zydis\include\Zydis\Generated\EnumISAExt.h">
      <Filter>hyperdbg\dependencies\zydis\include\Zydis\Generated</Filter>
    </ClInclude>
    <ClInclude Include="$(XmakeProjectDir)\hyperdbg\dependencies\zydis\include\Zydis\Generated\EnumISASet.h">
      <Filter>hyperdbg\dependencies\zydis\include\Zydis\Generated</Filter>
    </ClInclude>
    <ClInclude Include="$(XmakeProjectDir)\hyperdbg\dependencies\zydis\include\Zydis\Generated\EnumInstructionCategory.h">
      <Filter>hyperdbg\dependencies\zydis\include\Zydis\Generated</Filter>
    </ClInclude>
    <ClInclude Include="$(XmakeProjectDir)\hyperdbg\dependencies\zydis\include\Zydis\Generated\EnumMnemonic.h">
      <Filter>hyperdbg\dependencies\zydis\include\Zydis\Generated</Filter>
    </ClInclude>
    <ClInclude Include="$(XmakeProjectDir)\hyperdbg\dependencies\zydis\include\Zydis\Generated\EnumRegister.h">
      <Filter>hyperdbg\dependencies\zydis\include\Zydis\Generated</Filter>
    </ClInclude>
    <ClInclude Include="$(XmakeProjectDir)\hyperdbg\dependencies\zydis\include\Zydis\Internal\DecoderData.h">
      <Filter>hyperdbg\dependencies\zydis\include\Zydis\Internal</Filter>
    </ClInclude>
    <ClInclude Include="$(XmakeProjectDir)\hyperdbg\dependencies\zydis\include\Zydis\Internal\FormatterATT.h">
      <Filter>hyperdbg\dependencies\zydis\include\Zydis\Internal</Filter>
    </ClInclude>
    <ClInclude Include="$(XmakeProjectDir)\hyperdbg\dependencies\zydis\include\Zydis\Internal\FormatterBase.h">
      <Filter>hyperdbg\dependencies\zydis\include\Zydis\Internal</Filter>
    </ClInclude>
    <ClInclude Include="$(XmakeProjectDir)\hyperdbg\dependencies\zydis\include\Zydis\Internal\FormatterIntel.h">
      <Filter>hyperdbg\dependencies\zydis\include\Zydis\Internal</Filter>
    </ClInclude>
    <ClInclude Include="$(XmakeProjectDir)\hyperdbg\dependencies\zydis\include\Zydis\Internal\SharedData.h">
      <Filter>hyperdbg\dependencies\zydis\include\Zydis\Internal</Filter>
    </ClInclude>
    <ClInclude Include="$(XmakeProjectDir)\hyperdbg\dependencies\zydis\include\Zydis\Internal\String.h">
      <Filter>hyperdbg\dependencies\zydis\include\Zydis\Internal</Filter>
    </ClInclude>
    <ClInclude Include="$(XmakeProjectDir)\hyperdbg\dependencies\zydis\include\Zydis\MetaInfo.h">
      <Filter>hyperdbg\dependencies\zydis\include\Zydis</Filter>
    </ClInclude>
    <ClInclude Include="$(XmakeProjectDir)\hyperdbg\dependencies\zydis\include\Zydis\Mnemonic.h">
      <Filter>hyperdbg\dependencies\zydis\include\Zydis</Filter>
    </ClInclude>
    <ClInclude Include="$(XmakeProjectDir)\hyperdbg\dependencies\zydis\include\Zydis\Register.h">
      <Filter>hyperdbg\dependencies\zydis\include\Zydis</Filter>
    </ClInclude>
    <ClInclude Include="$(XmakeProjectDir)\hyperdbg\dependencies\zydis\include\Zydis\SharedTypes.h">
      <Filter>hyperdbg\dependencies\zydis\include\Zydis</Filter>
    </ClInclude>
    <ClInclude Include="$(XmakeProjectDir)\hyperdbg\dependencies\zydis\include\Zydis\ShortString.h">
      <Filter>hyperdbg\dependencies\zydis\include\Zydis</Filter>
    </ClInclude>
    <ClInclude Include="$(XmakeProjectDir)\hyperdbg\dependencies\zydis\include\Zydis\Status.h">
      <Filter>hyperdbg\dependencies\zydis\include\Zydis</Filter>
    </ClInclude>
    <ClInclude Include="$(XmakeProjectDir)\hyperdbg\dependencies\zydis\include\Zydis\Utils.h">
      <Filter>hyperdbg\dependencies\zydis\include\Zydis</Filter>
    </ClInclude>
    <ClInclude Include="$(XmakeProjectDir)\hyperdbg\dependencies\zydis\include\Zydis\Zydis.h">
      <Filter>hyperdbg\dependencies\zydis\include\Zydis</Filter>
    </ClInclude>


  </ItemGroup>
  <ItemGroup>
    <ClCompile Include="$(XmakeProjectDir)\hyperdbg\dependencies\zydis\src\Decoder.c">
      <Filter>hyperdbg\dependencies\zydis\src</Filter>
    </ClCompile>
    <ClCompile Include="$(XmakeProjectDir)\hyperdbg\dependencies\zydis\src\DecoderData.c">
      <Filter>hyperdbg\dependencies\zydis\src</Filter>
    </ClCompile>
    <ClCompile Include="$(XmakeProjectDir)\hyperdbg\dependencies\zydis\src\Formatter.c">
      <Filter>hyperdbg\dependencies\zydis\src</Filter>
    </ClCompile>
    <ClCompile Include="$(XmakeProjectDir)\hyperdbg\dependencies\zydis\src\FormatterATT.c">
      <Filter>hyperdbg\dependencies\zydis\src</Filter>
    </ClCompile>
    <ClCompile Include="$(XmakeProjectDir)\hyperdbg\dependencies\zydis\src\FormatterBase.c">
      <Filter>hyperdbg\dependencies\zydis\src</Filter>
    </ClCompile>
    <ClCompile Include="$(XmakeProjectDir)\hyperdbg\dependencies\zydis\src\FormatterBuffer.c">
      <Filter>hyperdbg\dependencies\zydis\src</Filter>
    </ClCompile>
    <ClCompile Include="$(XmakeProjectDir)\hyperdbg\dependencies\zydis\src\FormatterIntel.c">
      <Filter>hyperdbg\dependencies\zydis\src</Filter>
    </ClCompile>
    <ClCompile Include="$(XmakeProjectDir)\hyperdbg\dependencies\zydis\src\MetaInfo.c">
      <Filter>hyperdbg\dependencies\zydis\src</Filter>
    </ClCompile>
    <ClCompile Include="$(XmakeProjectDir)\hyperdbg\dependencies\zydis\src\Mnemonic.c">
      <Filter>hyperdbg\dependencies\zydis\src</Filter>
    </ClCompile>
    <ClCompile Include="$(XmakeProjectDir)\hyperdbg\dependencies\zydis\src\Register.c">
      <Filter>hyperdbg\dependencies\zydis\src</Filter>
    </ClCompile>
    <ClCompile Include="$(XmakeProjectDir)\hyperdbg\dependencies\zydis\src\SharedData.c">
      <Filter>hyperdbg\dependencies\zydis\src</Filter>
    </ClCompile>
    <ClCompile Include="$(XmakeProjectDir)\hyperdbg\dependencies\zydis\src\String.c">
      <Filter>hyperdbg\dependencies\zydis\src</Filter>
    </ClCompile>
    <ClCompile Include="$(XmakeProjectDir)\hyperdbg\dependencies\zydis\src\Utils.c">
      <Filter>hyperdbg\dependencies\zydis\src</Filter>
    </ClCompile>
    <ClCompile Include="$(XmakeProjectDir)\hyperdbg\dependencies\zydis\src\Zydis.c">
      <Filter>hyperdbg\dependencies\zydis\src</Filter>
    </ClCompile>




  </ItemGroup>
  <ItemGroup>

  </ItemGroup>
  <ItemGroup>


  </ItemGroup>
  <Import Condition="Exists('$(MSBuildThisFileDirectory)\Xmake.Custom.files.filters')"
    Project="$(MSBuildThisFileDirectory)\Xmake.Custom.files.filters" />
</Project>
