<?xml version="1.0" encoding="utf-8"?>
<!--
xmake version 2.6.9+dev.43a82d194

  This file is auto generated by xmake.

  Please DO NOT EDIT since all your modification will lost after re-generation.
  See https://github.com/xmake-io/xmake/pull/472 for more infomation.
-->
<Project ToolsVersion="4.0" xmlns="http://schemas.microsoft.com/developer/msbuild/2003">
  <ItemGroup>
    <Filter Include="Properties">
      <UniqueIdentifier>{CC7C6180-942D-056E-3227-E6A2B3FB19CD}</UniqueIdentifier>
    </Filter>
    <Filter Include="hyperdbg">
      <UniqueIdentifier>{D98287FD-7F14-4631-893D-5F6E1BAF5836}</UniqueIdentifier>
    </Filter>
    <Filter Include="hyperdbg\dependencies">
      <UniqueIdentifier>{CB1AD9A4-253F-4854-A6EA-5AA07B1401F8}</UniqueIdentifier>
    </Filter>
    <Filter Include="hyperdbg\dependencies\pdbex">
      <UniqueIdentifier>{D1D7F7A0-7C0B-4879-AB5F-249004592674}</UniqueIdentifier>
    </Filter>
    <Filter Include="hyperdbg\dependencies\pdbex\Source">
      <UniqueIdentifier>{C20AE76D-7EA1-47BA-AF60-C7CC6E1C76F8}</UniqueIdentifier>
    </Filter>

  </ItemGroup>
  <ItemGroup>
    <None Include="$(MSBuildProjectDirectory)\Xmake.Custom.props">
      <Filter>Properties</Filter>
    </None>
    <None Include="$(MSBuildProjectDirectory)\Xmake.Custom.targets">
      <Filter>Properties</Filter>
    </None>
    <None Include="$(MSBuildProjectDirectory)\Xmake.Custom.items">
      <Filter>Properties</Filter>
    </None>
    <None Include="$(MSBuildProjectDirectory)\Xmake.Custom.items.filters">
      <Filter>Properties</Filter>
    </None>
    <None Include="$(XmakeScriptDir)\xmake.lua">
      <Filter>Properties</Filter>
    </None>
  </ItemGroup>
  <ItemGroup>
    <ClInclude Include="$(XmakeProjectDir)\hyperdbg\dependencies\pdbex\Source\HyperDbgExport.h">
      <Filter>hyperdbg\dependencies\pdbex\Source</Filter>
    </ClInclude>
    <ClInclude Include="$(XmakeProjectDir)\hyperdbg\dependencies\pdbex\Source\HyperDbgGlobals.h">
      <Filter>hyperdbg\dependencies\pdbex\Source</Filter>
    </ClInclude>
    <ClInclude Include="$(XmakeProjectDir)\hyperdbg\dependencies\pdbex\Source\PDB.h">
      <Filter>hyperdbg\dependencies\pdbex\Source</Filter>
    </ClInclude>
    <ClInclude Include="$(XmakeProjectDir)\hyperdbg\dependencies\pdbex\Source\PDBCallback.h">
      <Filter>hyperdbg\dependencies\pdbex\Source</Filter>
    </ClInclude>
    <ClInclude Include="$(XmakeProjectDir)\hyperdbg\dependencies\pdbex\Source\PDBExtractor.h">
      <Filter>hyperdbg\dependencies\pdbex\Source</Filter>
    </ClInclude>
    <ClInclude Include="$(XmakeProjectDir)\hyperdbg\dependencies\pdbex\Source\PDBHeaderReconstructor.h">
      <Filter>hyperdbg\dependencies\pdbex\Source</Filter>
    </ClInclude>
    <ClInclude Include="$(XmakeProjectDir)\hyperdbg\dependencies\pdbex\Source\PDBReconstructorBase.h">
      <Filter>hyperdbg\dependencies\pdbex\Source</Filter>
    </ClInclude>
    <ClInclude Include="$(XmakeProjectDir)\hyperdbg\dependencies\pdbex\Source\PDBSymbolSorter.h">
      <Filter>hyperdbg\dependencies\pdbex\Source</Filter>
    </ClInclude>
    <ClInclude Include="$(XmakeProjectDir)\hyperdbg\dependencies\pdbex\Source\PDBSymbolSorterAlphabetical.h">
      <Filter>hyperdbg\dependencies\pdbex\Source</Filter>
    </ClInclude>
    <ClInclude Include="$(XmakeProjectDir)\hyperdbg\dependencies\pdbex\Source\PDBSymbolSorterBase.h">
      <Filter>hyperdbg\dependencies\pdbex\Source</Filter>
    </ClInclude>
    <ClInclude Include="$(XmakeProjectDir)\hyperdbg\dependencies\pdbex\Source\PDBSymbolVisitor.h">
      <Filter>hyperdbg\dependencies\pdbex\Source</Filter>
    </ClInclude>
    <ClInclude Include="$(XmakeProjectDir)\hyperdbg\dependencies\pdbex\Source\PDBSymbolVisitorBase.h">
      <Filter>hyperdbg\dependencies\pdbex\Source</Filter>
    </ClInclude>
    <ClInclude Include="$(XmakeProjectDir)\hyperdbg\dependencies\pdbex\Source\UdtFieldDefinition.h">
      <Filter>hyperdbg\dependencies\pdbex\Source</Filter>
    </ClInclude>
    <ClInclude Include="$(XmakeProjectDir)\hyperdbg\dependencies\pdbex\Source\UdtFieldDefinitionBase.h">
      <Filter>hyperdbg\dependencies\pdbex\Source</Filter>
    </ClInclude>


  </ItemGroup>
  <ItemGroup>

    <ClCompile Include="$(XmakeProjectDir)\hyperdbg\dependencies\pdbex\Source\HyperDbgIntegration.cpp">
      <Filter>hyperdbg\dependencies\pdbex\Source</Filter>
    </ClCompile>
    <ClCompile Include="$(XmakeProjectDir)\hyperdbg\dependencies\pdbex\Source\PDB.cpp">
      <Filter>hyperdbg\dependencies\pdbex\Source</Filter>
    </ClCompile>
    <ClCompile Include="$(XmakeProjectDir)\hyperdbg\dependencies\pdbex\Source\PDBExtractor.cpp">
      <Filter>hyperdbg\dependencies\pdbex\Source</Filter>
    </ClCompile>
    <ClCompile Include="$(XmakeProjectDir)\hyperdbg\dependencies\pdbex\Source\PDBHeaderReconstructor.cpp">
      <Filter>hyperdbg\dependencies\pdbex\Source</Filter>
    </ClCompile>
    <ClCompile Include="$(XmakeProjectDir)\hyperdbg\dependencies\pdbex\Source\main.cpp">
      <Filter>hyperdbg\dependencies\pdbex\Source</Filter>
    </ClCompile>



  </ItemGroup>
  <ItemGroup>

  </ItemGroup>
  <ItemGroup>


  </ItemGroup>
  <Import Condition="Exists('$(MSBuildThisFileDirectory)\Xmake.Custom.files.filters')"
    Project="$(MSBuildThisFileDirectory)\Xmake.Custom.files.filters" />
</Project>
