<?xml version="1.0" encoding="utf-8"?>
<!--
xmake version 2.6.9+dev.43a82d194

  This file is auto generated by xmake.

  Please DO NOT EDIT since all your modification will lost after re-generation.
  See https://github.com/xmake-io/xmake/pull/472 for more infomation.
-->
<Project ToolsVersion="4.0" xmlns="http://schemas.microsoft.com/developer/msbuild/2003">
  <ItemGroup>
    <Filter Include="Properties">
      <UniqueIdentifier>{CC7C6180-942D-056E-3227-E6A2B3FB19CD}</UniqueIdentifier>
    </Filter>
    <Filter Include="hyperdbg">
      <UniqueIdentifier>{D98287FD-7F14-4631-893D-5F6E1BAF5836}</UniqueIdentifier>
    </Filter>
    <Filter Include="hyperdbg\hyperdbg-test">
      <UniqueIdentifier>{5180F48F-927E-47C5-BD68-2A676D3C86E1}</UniqueIdentifier>
    </Filter>
    <Filter Include="hyperdbg\hyperdbg-test\code">
      <UniqueIdentifier>{F6A843A2-5B9C-460C-86B7-3365AF2D65B1}</UniqueIdentifier>
    </Filter>
    <Filter Include="hyperdbg\hyperdbg-test\code\assembly">
      <UniqueIdentifier>{FF2A10A8-F5A3-47C5-9101-31ED162ADA84}</UniqueIdentifier>
    </Filter>
    <Filter Include="hyperdbg\hyperdbg-test\code\tests">
      <UniqueIdentifier>{3A14AEEE-5E67-4BFC-8A89-704C5ED5A5E8}</UniqueIdentifier>
    </Filter>
    <Filter Include="hyperdbg\hyperdbg-test\header">
      <UniqueIdentifier>{4F5DEE1B-DF2D-4B9A-92CB-62BDD94CC897}</UniqueIdentifier>
    </Filter>

  </ItemGroup>
  <ItemGroup>
    <None Include="$(MSBuildProjectDirectory)\Xmake.Custom.props">
      <Filter>Properties</Filter>
    </None>
    <None Include="$(MSBuildProjectDirectory)\Xmake.Custom.targets">
      <Filter>Properties</Filter>
    </None>
    <None Include="$(MSBuildProjectDirectory)\Xmake.Custom.items">
      <Filter>Properties</Filter>
    </None>
    <None Include="$(MSBuildProjectDirectory)\Xmake.Custom.items.filters">
      <Filter>Properties</Filter>
    </None>
    <None Include="$(XmakeScriptDir)\xmake.lua">
      <Filter>Properties</Filter>
    </None>
  </ItemGroup>
  <ItemGroup>
    <ClInclude Include="$(XmakeProjectDir)\hyperdbg\hyperdbg-test\header\namedpipe.h">
      <Filter>hyperdbg\hyperdbg-test\header</Filter>
    </ClInclude>
    <ClInclude Include="$(XmakeProjectDir)\hyperdbg\hyperdbg-test\header\routines.h">
      <Filter>hyperdbg\hyperdbg-test\header</Filter>
    </ClInclude>


  </ItemGroup>
  <ItemGroup>

    <ClCompile Include="$(XmakeProjectDir)\hyperdbg\hyperdbg-test\code\tests\hyperdbg-test.cpp">
      <Filter>hyperdbg\hyperdbg-test\code\tests</Filter>
    </ClCompile>
    <ClCompile Include="$(XmakeProjectDir)\hyperdbg\hyperdbg-test\code\tests\lookup.cpp">
      <Filter>hyperdbg\hyperdbg-test\code\tests</Filter>
    </ClCompile>
    <ClCompile Include="$(XmakeProjectDir)\hyperdbg\hyperdbg-test\code\tests\namedpipe.cpp">
      <Filter>hyperdbg\hyperdbg-test\code\tests</Filter>
    </ClCompile>
    <ClCompile Include="$(XmakeProjectDir)\hyperdbg\hyperdbg-test\code\tests\test-cases.cpp">
      <Filter>hyperdbg\hyperdbg-test\code\tests</Filter>
    </ClCompile>
    <ClCompile Include="$(XmakeProjectDir)\hyperdbg\hyperdbg-test\code\tests\tools.cpp">
      <Filter>hyperdbg\hyperdbg-test\code\tests</Filter>
    </ClCompile>



  </ItemGroup>
  <ItemGroup>

  </ItemGroup>
  <ItemGroup>


  </ItemGroup>
  <Import Condition="Exists('$(MSBuildThisFileDirectory)\Xmake.Custom.files.filters')"
    Project="$(MSBuildThisFileDirectory)\Xmake.Custom.files.filters" />
</Project>
