<?xml version="1.0" encoding="utf-8"?>
<!--
xmake version 2.6.9+dev.43a82d194

  This file is auto generated by xmake.

  Please DO NOT EDIT since all your modification will lost after re-generation.
  See https://github.com/xmake-io/xmake/pull/472 for more infomation.
-->
<Project ToolsVersion="4.0" xmlns="http://schemas.microsoft.com/developer/msbuild/2003">
  <ItemGroup>
    <Filter Include="Properties">
      <UniqueIdentifier>{CC7C6180-942D-056E-3227-E6A2B3FB19CD}</UniqueIdentifier>
    </Filter>
    <Filter Include="hyperdbg">
      <UniqueIdentifier>{D98287FD-7F14-4631-893D-5F6E1BAF5836}</UniqueIdentifier>
    </Filter>
    <Filter Include="hyperdbg\script-engine">
      <UniqueIdentifier>{9A2B10B6-95B9-4031-8201-D5109A0A66D3}</UniqueIdentifier>
    </Filter>
    <Filter Include="hyperdbg\script-engine\code">
      <UniqueIdentifier>{DBD08AB0-6EDC-4E03-946D-22ED3A3ED1C2}</UniqueIdentifier>
    </Filter>
    <Filter Include="hyperdbg\script-engine\header">
      <UniqueIdentifier>{B222FF2D-BCDB-4D05-9D83-F57B675553B8}</UniqueIdentifier>
    </Filter>

  </ItemGroup>
  <ItemGroup>
    <None Include="$(MSBuildProjectDirectory)\Xmake.Custom.props">
      <Filter>Properties</Filter>
    </None>
    <None Include="$(MSBuildProjectDirectory)\Xmake.Custom.targets">
      <Filter>Properties</Filter>
    </None>
    <None Include="$(MSBuildProjectDirectory)\Xmake.Custom.items">
      <Filter>Properties</Filter>
    </None>
    <None Include="$(MSBuildProjectDirectory)\Xmake.Custom.items.filters">
      <Filter>Properties</Filter>
    </None>
    <None Include="$(XmakeScriptDir)\xmake.lua">
      <Filter>Properties</Filter>
    </None>
  </ItemGroup>
  <ItemGroup>
    <ClInclude Include="$(XmakeProjectDir)\hyperdbg\script-engine\header\common.h">
      <Filter>hyperdbg\script-engine\header</Filter>
    </ClInclude>
    <ClInclude Include="$(XmakeProjectDir)\hyperdbg\script-engine\header\globals.h">
      <Filter>hyperdbg\script-engine\header</Filter>
    </ClInclude>
    <ClInclude Include="$(XmakeProjectDir)\hyperdbg\script-engine\header\parse-table.h">
      <Filter>hyperdbg\script-engine\header</Filter>
    </ClInclude>
    <ClInclude Include="$(XmakeProjectDir)\hyperdbg\script-engine\header\scanner.h">
      <Filter>hyperdbg\script-engine\header</Filter>
    </ClInclude>
    <ClInclude Include="$(XmakeProjectDir)\hyperdbg\script-engine\header\script-engine.h">
      <Filter>hyperdbg\script-engine\header</Filter>
    </ClInclude>


  </ItemGroup>
  <ItemGroup>
    <ClCompile Include="$(XmakeProjectDir)\hyperdbg\script-engine\code\common.c">
      <Filter>hyperdbg\script-engine\code</Filter>
    </ClCompile>
    <ClCompile Include="$(XmakeProjectDir)\hyperdbg\script-engine\code\globals.c">
      <Filter>hyperdbg\script-engine\code</Filter>
    </ClCompile>
    <ClCompile Include="$(XmakeProjectDir)\hyperdbg\script-engine\code\parse-table.c">
      <Filter>hyperdbg\script-engine\code</Filter>
    </ClCompile>
    <ClCompile Include="$(XmakeProjectDir)\hyperdbg\script-engine\code\scanner.c">
      <Filter>hyperdbg\script-engine\code</Filter>
    </ClCompile>
    <ClCompile Include="$(XmakeProjectDir)\hyperdbg\script-engine\code\script-engine.c">
      <Filter>hyperdbg\script-engine\code</Filter>
    </ClCompile>




  </ItemGroup>
  <ItemGroup>

  </ItemGroup>
  <ItemGroup>


  </ItemGroup>
  <Import Condition="Exists('$(MSBuildThisFileDirectory)\Xmake.Custom.files.filters')"
    Project="$(MSBuildThisFileDirectory)\Xmake.Custom.files.filters" />
</Project>
